{
  "version": 4,
  "terraform_version": "1.9.3",
  "serial": 168,
  "lineage": "cd98723e-875d-1f00-032f-3da0065b4613",
  "outputs": {},
  "resources": [
    {
      "mode": "data",
      "type": "aws_availability_zones",
      "name": "available",
      "provider": "provider[\"registry.terraform.io/hashicorp/aws\"]",
      "instances": [
        {
          "schema_version": 0,
          "attributes": {
            "all_availability_zones": null,
            "exclude_names": null,
            "exclude_zone_ids": null,
            "filter": null,
            "group_names": [
              "us-east-1"
            ],
            "id": "us-east-1",
            "names": [
              "us-east-1a",
              "us-east-1b",
              "us-east-1c",
              "us-east-1d",
              "us-east-1e",
              "us-east-1f"
            ],
            "state": null,
            "timeouts": null,
            "zone_ids": [
              "use1-az1",
              "use1-az2",
              "use1-az4",
              "use1-az6",
              "use1-az3",
              "use1-az5"
            ]
          },
          "sensitive_attributes": []
        }
      ]
    },
    {
      "mode": "managed",
      "type": "aws_instance",
      "name": "ci-sockshop-k8s-master",
      "provider": "provider[\"registry.terraform.io/hashicorp/aws\"]",
      "instances": [
        {
          "status": "tainted",
          "schema_version": 1,
          "attributes": {
            "ami": "ami-bcd7c3ab",
            "arn": "arn:aws:ec2:us-east-1:339712882349:instance/i-02a2fa6df3363da86",
            "associate_public_ip_address": true,
            "availability_zone": "us-east-1d",
            "capacity_reservation_specification": [
              {
                "capacity_reservation_preference": "open",
                "capacity_reservation_target": []
              }
            ],
            "cpu_core_count": 1,
            "cpu_options": [
              {
                "amd_sev_snp": "",
                "core_count": 1,
                "threads_per_core": 2
              }
            ],
            "cpu_threads_per_core": 2,
            "credit_specification": [],
            "disable_api_stop": false,
            "disable_api_termination": false,
            "ebs_block_device": [],
            "ebs_optimized": false,
            "enclave_options": [
              {
                "enabled": false
              }
            ],
            "ephemeral_block_device": [],
            "get_password_data": false,
            "hibernation": false,
            "host_id": "",
            "host_resource_group_arn": null,
            "iam_instance_profile": "",
            "id": "i-02a2fa6df3363da86",
            "instance_initiated_shutdown_behavior": "terminate",
            "instance_lifecycle": "",
            "instance_market_options": [],
            "instance_state": "running",
            "instance_type": "m3.large",
            "ipv6_address_count": 0,
            "ipv6_addresses": [],
            "key_name": "deploy-docs-k8s",
            "launch_template": [],
            "maintenance_options": [
              {
                "auto_recovery": "default"
              }
            ],
            "metadata_options": [
              {
                "http_endpoint": "enabled",
                "http_protocol_ipv6": "disabled",
                "http_put_response_hop_limit": 1,
                "http_tokens": "optional",
                "instance_metadata_tags": "disabled"
              }
            ],
            "monitoring": false,
            "network_interface": [],
            "outpost_arn": "",
            "password_data": "",
            "placement_group": "",
            "placement_partition_number": 0,
            "primary_network_interface_id": "eni-01089dc4ec173861f",
            "private_dns": "ip-172-31-38-186.ec2.internal",
            "private_dns_name_options": [
              {
                "enable_resource_name_dns_a_record": false,
                "enable_resource_name_dns_aaaa_record": false,
                "hostname_type": "ip-name"
              }
            ],
            "private_ip": "172.31.38.186",
            "public_dns": "ec2-50-17-152-10.compute-1.amazonaws.com",
            "public_ip": "50.17.152.10",
            "root_block_device": [],
            "secondary_private_ips": [],
            "security_groups": [
              "md-k8s-security-group"
            ],
            "source_dest_check": true,
            "spot_instance_request_id": "",
            "subnet_id": "subnet-0ef6f2de446ab8e90",
            "tags": {
              "Name": "ci-sockshop-k8s-master"
            },
            "tags_all": {
              "Name": "ci-sockshop-k8s-master"
            },
            "tenancy": "default",
            "timeouts": null,
            "user_data": null,
            "user_data_base64": null,
            "user_data_replace_on_change": false,
            "volume_tags": null,
            "vpc_security_group_ids": [
              "sg-05745bfa0e000c534"
            ]
          },
          "sensitive_attributes": [],
          "private": "eyJlMmJmYjczMC1lY2FhLTExZTYtOGY4OC0zNDM2M2JjN2M0YzAiOnsiY3JlYXRlIjo2MDAwMDAwMDAwMDAsImRlbGV0ZSI6MTIwMDAwMDAwMDAwMCwicmVhZCI6OTAwMDAwMDAwMDAwLCJ1cGRhdGUiOjYwMDAwMDAwMDAwMH0sInNjaGVtYV92ZXJzaW9uIjoiMSJ9",
          "dependencies": [
            "aws_key_pair.deploy_docs_k8s",
            "aws_security_group.k8s-security-group",
            "local_file.private_key",
            "null_resource.change_key_permissions",
            "tls_private_key.deploy_docs_k8s"
          ]
        }
      ]
    },
    {
      "mode": "managed",
      "type": "aws_key_pair",
      "name": "deploy_docs_k8s",
      "provider": "provider[\"registry.terraform.io/hashicorp/aws\"]",
      "instances": [
        {
          "schema_version": 1,
          "attributes": {
            "arn": "arn:aws:ec2:us-east-1:339712882349:key-pair/deploy-docs-k8s",
            "fingerprint": "81:45:51:43:af:1b:c1:ea:64:d5:b0:17:f6:7d:99:a2",
            "id": "deploy-docs-k8s",
            "key_name": "deploy-docs-k8s",
            "key_name_prefix": "",
            "key_pair_id": "key-0d66cdd98c0b570f2",
            "key_type": "rsa",
            "public_key": "ssh-rsa AAAAB3NzaC1yc2EAAAADAQABAAABAQCsqFwxFmk+RpTrTWnB7NUvqLz6+V7wf22xQAwOJGhHATagtwm4q17GLQ4CbTM6xV4hBnVSnTbrlKaqP2K95Xe7Ftc1AhuKR3p1bVXPt55l0f/csIdWn697w5MJreTFxSZEZRAJHrR+HG5zH3qq6ErpFgHgPbc9HuVsVv1uwt3kIrWttIPlhyhujEE5jpRLk55Ty/7dX0lMIxAS/joekHRhnOVE1ehid75Np5uzWVCjZIkwKdl+I0n8lU6dzBcu4P9X2xBpZgMMa66zTQ5WcdjfKAI6cholTMq+T24b4aqH4ptbaU68U2yhTgCv+kBH/zPf7zTykRulo/49wqYCcr8L",
            "tags": {},
            "tags_all": {}
          },
          "sensitive_attributes": [],
          "private": "eyJzY2hlbWFfdmVyc2lvbiI6IjEifQ==",
          "dependencies": [
            "tls_private_key.deploy_docs_k8s"
          ]
        }
      ]
    },
    {
      "mode": "managed",
      "type": "aws_security_group",
      "name": "k8s-security-group",
      "provider": "provider[\"registry.terraform.io/hashicorp/aws\"]",
      "instances": [
        {
          "schema_version": 1,
          "attributes": {
            "arn": "arn:aws:ec2:us-east-1:339712882349:security-group/sg-05745bfa0e000c534",
            "description": "allow all internal traffic, ssh, http from anywhere",
            "egress": [
              {
                "cidr_blocks": [
                  "0.0.0.0/0"
                ],
                "description": "",
                "from_port": 0,
                "ipv6_cidr_blocks": [],
                "prefix_list_ids": [],
                "protocol": "-1",
                "security_groups": [],
                "self": false,
                "to_port": 0
              }
            ],
            "id": "sg-05745bfa0e000c534",
            "ingress": [
              {
                "cidr_blocks": [
                  "0.0.0.0/0"
                ],
                "description": "",
                "from_port": 22,
                "ipv6_cidr_blocks": [],
                "prefix_list_ids": [],
                "protocol": "tcp",
                "security_groups": [],
                "self": false,
                "to_port": 22
              },
              {
                "cidr_blocks": [
                  "0.0.0.0/0"
                ],
                "description": "",
                "from_port": 30001,
                "ipv6_cidr_blocks": [],
                "prefix_list_ids": [],
                "protocol": "tcp",
                "security_groups": [],
                "self": false,
                "to_port": 30001
              },
              {
                "cidr_blocks": [
                  "0.0.0.0/0"
                ],
                "description": "",
                "from_port": 30002,
                "ipv6_cidr_blocks": [],
                "prefix_list_ids": [],
                "protocol": "tcp",
                "security_groups": [],
                "self": false,
                "to_port": 30002
              },
              {
                "cidr_blocks": [
                  "0.0.0.0/0"
                ],
                "description": "",
                "from_port": 31601,
                "ipv6_cidr_blocks": [],
                "prefix_list_ids": [],
                "protocol": "tcp",
                "security_groups": [],
                "self": false,
                "to_port": 31601
              },
              {
                "cidr_blocks": [
                  "0.0.0.0/0"
                ],
                "description": "",
                "from_port": 80,
                "ipv6_cidr_blocks": [],
                "prefix_list_ids": [],
                "protocol": "tcp",
                "security_groups": [],
                "self": false,
                "to_port": 80
              },
              {
                "cidr_blocks": [
                  "0.0.0.0/0"
                ],
                "description": "",
                "from_port": 9411,
                "ipv6_cidr_blocks": [],
                "prefix_list_ids": [],
                "protocol": "tcp",
                "security_groups": [],
                "self": false,
                "to_port": 9411
              },
              {
                "cidr_blocks": [],
                "description": "",
                "from_port": 0,
                "ipv6_cidr_blocks": [],
                "prefix_list_ids": [],
                "protocol": "-1",
                "security_groups": [],
                "self": true,
                "to_port": 0
              }
            ],
            "name": "md-k8s-security-group",
            "name_prefix": "",
            "owner_id": "339712882349",
            "revoke_rules_on_delete": false,
            "tags": {},
            "tags_all": {},
            "timeouts": null,
            "vpc_id": "vpc-02a66f3e4061fb109"
          },
          "sensitive_attributes": [],
          "private": "eyJlMmJmYjczMC1lY2FhLTExZTYtOGY4OC0zNDM2M2JjN2M0YzAiOnsiY3JlYXRlIjo2MDAwMDAwMDAwMDAsImRlbGV0ZSI6OTAwMDAwMDAwMDAwfSwic2NoZW1hX3ZlcnNpb24iOiIxIn0="
        }
      ]
    },
    {
      "mode": "managed",
      "type": "local_file",
      "name": "private_key",
      "provider": "provider[\"registry.terraform.io/hashicorp/local\"]",
      "instances": [
        {
          "schema_version": 0,
          "attributes": {
            "content": "-----BEGIN RSA PRIVATE KEY-----\nMIIEowIBAAKCAQEArKhcMRZpPkaU601pwezVL6i8+vle8H9tsUAMDiRoRwE2oLcJ\nuKtexi0OAm0zOsVeIQZ1Up0265Smqj9iveV3uxbXNQIbikd6dW1Vz7eeZdH/3LCH\nVp+ve8OTCa3kxcUmRGUQCR60fhxucx96quhK6RYB4D23PR7lbFb9bsLd5CK1rbSD\n5YcoboxBOY6US5OeU8v+3V9JTCMQEv46HpB0YZzlRNXoYne+Taebs1lQo2SJMCnZ\nfiNJ/JVOncwXLuD/V9sQaWYDDGuus00OVnHY3ygCOnIaJUzKvk9uG+Gqh+KbW2lO\nvFNsoU4Ar/pAR/8z3+808pEbpaP+PcKmAnK/CwIDAQABAoIBACuLttzGizqisJJ8\nDs1TPx1rEGa4GELN0MugnKnAcvBdlPqJz5Dc3+VZnavtALu05Z2stFBmyGA4OKS9\nodjFFCKCizqaUnnYt0EAl2DxLaj+guqVNz0YvziWxfHuAsICjDk5yAaU0O7xmsW8\nTcLnHWWWIFj/F8T5kuF1OywBR9duo4dOh9A6DIJAvE8Wn/FT2+44dBk7OxU2rdfE\njRwEL9IFowGOWuWUEoWfoJNYK7DrIjlnAb86CcmZV1D2bgRf4qqtO/tTXcCo+Jdu\ndGzSoS6OoV8IAxaaeSWbKKFxFRlRCbcxZbOJbA+8mwv3j6wOHC8nmMvaDxM8ktgC\n+xHxK6kCgYEA2fVz0LE4tg4/IhQv4bK0EIt/R7Z+0gRDCyoI9Xy+IEPvuHy1fk1n\nuIR+jE9sHXSAmLUAlN939qllFCzrF2karQHiJ2LBbLY4yrvSyAHwRfcY6DGbkMKB\nmD8f5Y/XS7LQ8OuSAPOdCOFzv4kOr0gZ7JFr/PSZ6H/qXyxtYmiomt0CgYEAysrS\nZKNHkwErrK1quzWNXvIYfDWtnTwboaAcu7XD9VOZLfipAstXLC9g4CMZF5kIKdcQ\nIPp8Kh4AN44zlMEFexNsFXO//+rjH66TQkyHbZ/HnEsS8A+1MVl3w/MOICl16yw/\n/Qfuqdxe+VNccrIWbvuQByrKOVaEeyRizJuw3wcCgYB3+rGiM6wwK299Zvdkmmac\npO2PoFn3afkt8Bm2aNCQGlWfjKarvBhYbjbrLd0p6bPQW/LSAKGc2mqVzJQs8uKI\nUf0YCTjIixaAIxxIlSiamwbO6l/kM+36zOTWDXRKa0ixFjvs4i2Tceexi9TVkC8V\nFogHWu5OGfv+IAqmnU4S0QKBgGotq985hp43vLBa1ElVDsIprBxM1qw+7pC/jovR\n7dojfU6OpZ9q7CecXvK8LcUnQRj3G+DIhf5fWum7sNIwBjicwLiytFLAn07VTxEl\nlLsXL6JrxGyhLNO77nNQbZL1YmJR9ub7IkEZuzh8Jyl+iTRuzsiR5PQEkrUPJhPP\naNo9AoGBAKcNH+hpOi5vVXfve+nFnpQZZyVnWPGt76uL6UmC5hRWBB35s6yjg3ck\njCaDkQKNi9tljhxI6PXZcvUhLSwhAAwhVEy9n8GwPHjyJqLrf30MOHXUKpTIA6L5\nNoD69E40OkuNIe7Ri4Vayp8Kf04Fn6KHIgXnAI0MVNHjAQG7dvjV\n-----END RSA PRIVATE KEY-----\n",
            "content_base64": null,
            "content_base64sha256": "ButG/3B0qlaA0oW0DzSSjy5lUybRgkRGoUwV302HtUU=",
            "content_base64sha512": "JvDAM4Y3J/r8PTNb6OQvGF7l04fOOeGgZMP6GEhu+XiD4UdpjuOk1MvI5OqxW7nMcRxfzWtv6fqjqJX4ITspBA==",
            "content_md5": "5e19e0210f938052c010be7570eb5d22",
            "content_sha1": "1df7d5c0d10880b89e017231abdb4e3740972116",
            "content_sha256": "06eb46ff7074aa5680d285b40f34928f2e655326d1824446a14c15df4d87b545",
            "content_sha512": "26f0c033863727fafc3d335be8e42f185ee5d387ce39e1a064c3fa18486ef97883e147698ee3a4d4cbc8e4eab15bb9cc711c5fcd6b6fe9faa3a895f8213b2904",
            "directory_permission": "0777",
            "file_permission": "0777",
            "filename": "./deploy-docs-k8s.pem",
            "id": "1df7d5c0d10880b89e017231abdb4e3740972116",
            "sensitive_content": null,
            "source": null
          },
          "sensitive_attributes": [
            [
              {
                "type": "get_attr",
                "value": "sensitive_content"
              }
            ],
            [
              {
                "type": "get_attr",
                "value": "content"
              }
            ]
          ],
          "dependencies": [
            "tls_private_key.deploy_docs_k8s"
          ]
        }
      ]
    },
    {
      "mode": "managed",
      "type": "null_resource",
      "name": "change_key_permissions",
      "provider": "provider[\"registry.terraform.io/hashicorp/null\"]",
      "instances": [
        {
          "schema_version": 0,
          "attributes": {
            "id": "6265659181492074604",
            "triggers": null
          },
          "sensitive_attributes": [],
          "dependencies": [
            "local_file.private_key",
            "tls_private_key.deploy_docs_k8s"
          ]
        }
      ]
    },
    {
      "mode": "managed",
      "type": "tls_private_key",
      "name": "deploy_docs_k8s",
      "provider": "provider[\"registry.terraform.io/hashicorp/tls\"]",
      "instances": [
        {
          "schema_version": 1,
          "attributes": {
            "algorithm": "RSA",
            "ecdsa_curve": "P224",
            "id": "f400794dbfb0650a7481064613eae736ee8290ac",
            "private_key_openssh": "-----BEGIN OPENSSH PRIVATE KEY-----\nb3BlbnNzaC1rZXktdjEAAAAABG5vbmUAAAAEbm9uZQAAAAAAAAABAAABFwAAAAdz\nc2gtcnNhAAAAAwEAAQAAAQEArKhcMRZpPkaU601pwezVL6i8+vle8H9tsUAMDiRo\nRwE2oLcJuKtexi0OAm0zOsVeIQZ1Up0265Smqj9iveV3uxbXNQIbikd6dW1Vz7ee\nZdH/3LCHVp+ve8OTCa3kxcUmRGUQCR60fhxucx96quhK6RYB4D23PR7lbFb9bsLd\n5CK1rbSD5YcoboxBOY6US5OeU8v+3V9JTCMQEv46HpB0YZzlRNXoYne+Taebs1lQ\no2SJMCnZfiNJ/JVOncwXLuD/V9sQaWYDDGuus00OVnHY3ygCOnIaJUzKvk9uG+Gq\nh+KbW2lOvFNsoU4Ar/pAR/8z3+808pEbpaP+PcKmAnK/CwAAA7jfuOQE37jkBAAA\nAAdzc2gtcnNhAAABAQCsqFwxFmk+RpTrTWnB7NUvqLz6+V7wf22xQAwOJGhHATag\ntwm4q17GLQ4CbTM6xV4hBnVSnTbrlKaqP2K95Xe7Ftc1AhuKR3p1bVXPt55l0f/c\nsIdWn697w5MJreTFxSZEZRAJHrR+HG5zH3qq6ErpFgHgPbc9HuVsVv1uwt3kIrWt\ntIPlhyhujEE5jpRLk55Ty/7dX0lMIxAS/joekHRhnOVE1ehid75Np5uzWVCjZIkw\nKdl+I0n8lU6dzBcu4P9X2xBpZgMMa66zTQ5WcdjfKAI6cholTMq+T24b4aqH4ptb\naU68U2yhTgCv+kBH/zPf7zTykRulo/49wqYCcr8LAAAAAwEAAQAAAQAri7bcxos6\norCSfA7NUz8daxBmuBhCzdDLoJypwHLwXZT6ic+Q3N/lWZ2r7QC7tOWdrLRQZshg\nODikvaHYxRQigos6mlJ52LdBAJdg8S2o/oLqlTc9GL84lsXx7gLCAow5OcgGlNDu\n8ZrFvE3C5x1lliBY/xfE+ZLhdTssAUfXbqOHTofQOgyCQLxPFp/xU9vuOHQZOzsV\nNq3XxI0cBC/SBaMBjlrllBKFn6CTWCuw6yI5ZwG/OgnJmVdQ9m4EX+KqrTv7U13A\nqPiXbnRs0qEujqFfCAMWmnklmyihcRUZUQm3MWWziWwPvJsL94+sDhwvJ5jL2g8T\nPJLYAvsR8SupAAAAgQCnDR/oaToub1V373vpxZ6UGWclZ1jxre+ri+lJguYUVgQd\n+bOso4N3JIwmg5ECjYvbZY4cSOj12XL1IS0sIQAMIVRMvZ/BsDx48iai6399DDh1\n1CqUyAOi+TaA+vRONDpLjSHu0YuFWsqfCn9OBZ+ihyIF5wCNDFTR4wEBu3b41QAA\nAIEA2fVz0LE4tg4/IhQv4bK0EIt/R7Z+0gRDCyoI9Xy+IEPvuHy1fk1nuIR+jE9s\nHXSAmLUAlN939qllFCzrF2karQHiJ2LBbLY4yrvSyAHwRfcY6DGbkMKBmD8f5Y/X\nS7LQ8OuSAPOdCOFzv4kOr0gZ7JFr/PSZ6H/qXyxtYmiomt0AAACBAMrK0mSjR5MB\nK6ytars1jV7yGHw1rZ08G6GgHLu1w/VTmS34qQLLVywvYOAjGReZCCnXECD6fCoe\nADeOM5TBBXsTbBVzv//q4x+uk0JMh22fx5xLEvAPtTFZd8PzDiApdessP/0H7qnc\nXvlTXHKyFm77kAcqyjlWhHskYsybsN8HAAAAAAEC\n-----END OPENSSH PRIVATE KEY-----\n",
            "private_key_pem": "-----BEGIN RSA PRIVATE KEY-----\nMIIEowIBAAKCAQEArKhcMRZpPkaU601pwezVL6i8+vle8H9tsUAMDiRoRwE2oLcJ\nuKtexi0OAm0zOsVeIQZ1Up0265Smqj9iveV3uxbXNQIbikd6dW1Vz7eeZdH/3LCH\nVp+ve8OTCa3kxcUmRGUQCR60fhxucx96quhK6RYB4D23PR7lbFb9bsLd5CK1rbSD\n5YcoboxBOY6US5OeU8v+3V9JTCMQEv46HpB0YZzlRNXoYne+Taebs1lQo2SJMCnZ\nfiNJ/JVOncwXLuD/V9sQaWYDDGuus00OVnHY3ygCOnIaJUzKvk9uG+Gqh+KbW2lO\nvFNsoU4Ar/pAR/8z3+808pEbpaP+PcKmAnK/CwIDAQABAoIBACuLttzGizqisJJ8\nDs1TPx1rEGa4GELN0MugnKnAcvBdlPqJz5Dc3+VZnavtALu05Z2stFBmyGA4OKS9\nodjFFCKCizqaUnnYt0EAl2DxLaj+guqVNz0YvziWxfHuAsICjDk5yAaU0O7xmsW8\nTcLnHWWWIFj/F8T5kuF1OywBR9duo4dOh9A6DIJAvE8Wn/FT2+44dBk7OxU2rdfE\njRwEL9IFowGOWuWUEoWfoJNYK7DrIjlnAb86CcmZV1D2bgRf4qqtO/tTXcCo+Jdu\ndGzSoS6OoV8IAxaaeSWbKKFxFRlRCbcxZbOJbA+8mwv3j6wOHC8nmMvaDxM8ktgC\n+xHxK6kCgYEA2fVz0LE4tg4/IhQv4bK0EIt/R7Z+0gRDCyoI9Xy+IEPvuHy1fk1n\nuIR+jE9sHXSAmLUAlN939qllFCzrF2karQHiJ2LBbLY4yrvSyAHwRfcY6DGbkMKB\nmD8f5Y/XS7LQ8OuSAPOdCOFzv4kOr0gZ7JFr/PSZ6H/qXyxtYmiomt0CgYEAysrS\nZKNHkwErrK1quzWNXvIYfDWtnTwboaAcu7XD9VOZLfipAstXLC9g4CMZF5kIKdcQ\nIPp8Kh4AN44zlMEFexNsFXO//+rjH66TQkyHbZ/HnEsS8A+1MVl3w/MOICl16yw/\n/Qfuqdxe+VNccrIWbvuQByrKOVaEeyRizJuw3wcCgYB3+rGiM6wwK299Zvdkmmac\npO2PoFn3afkt8Bm2aNCQGlWfjKarvBhYbjbrLd0p6bPQW/LSAKGc2mqVzJQs8uKI\nUf0YCTjIixaAIxxIlSiamwbO6l/kM+36zOTWDXRKa0ixFjvs4i2Tceexi9TVkC8V\nFogHWu5OGfv+IAqmnU4S0QKBgGotq985hp43vLBa1ElVDsIprBxM1qw+7pC/jovR\n7dojfU6OpZ9q7CecXvK8LcUnQRj3G+DIhf5fWum7sNIwBjicwLiytFLAn07VTxEl\nlLsXL6JrxGyhLNO77nNQbZL1YmJR9ub7IkEZuzh8Jyl+iTRuzsiR5PQEkrUPJhPP\naNo9AoGBAKcNH+hpOi5vVXfve+nFnpQZZyVnWPGt76uL6UmC5hRWBB35s6yjg3ck\njCaDkQKNi9tljhxI6PXZcvUhLSwhAAwhVEy9n8GwPHjyJqLrf30MOHXUKpTIA6L5\nNoD69E40OkuNIe7Ri4Vayp8Kf04Fn6KHIgXnAI0MVNHjAQG7dvjV\n-----END RSA PRIVATE KEY-----\n",
            "private_key_pem_pkcs8": "-----BEGIN PRIVATE KEY-----\nMIIEvQIBADANBgkqhkiG9w0BAQEFAASCBKcwggSjAgEAAoIBAQCsqFwxFmk+RpTr\nTWnB7NUvqLz6+V7wf22xQAwOJGhHATagtwm4q17GLQ4CbTM6xV4hBnVSnTbrlKaq\nP2K95Xe7Ftc1AhuKR3p1bVXPt55l0f/csIdWn697w5MJreTFxSZEZRAJHrR+HG5z\nH3qq6ErpFgHgPbc9HuVsVv1uwt3kIrWttIPlhyhujEE5jpRLk55Ty/7dX0lMIxAS\n/joekHRhnOVE1ehid75Np5uzWVCjZIkwKdl+I0n8lU6dzBcu4P9X2xBpZgMMa66z\nTQ5WcdjfKAI6cholTMq+T24b4aqH4ptbaU68U2yhTgCv+kBH/zPf7zTykRulo/49\nwqYCcr8LAgMBAAECggEAK4u23MaLOqKwknwOzVM/HWsQZrgYQs3Qy6CcqcBy8F2U\n+onPkNzf5Vmdq+0Au7Tlnay0UGbIYDg4pL2h2MUUIoKLOppSedi3QQCXYPEtqP6C\n6pU3PRi/OJbF8e4CwgKMOTnIBpTQ7vGaxbxNwucdZZYgWP8XxPmS4XU7LAFH126j\nh06H0DoMgkC8Txaf8VPb7jh0GTs7FTat18SNHAQv0gWjAY5a5ZQShZ+gk1grsOsi\nOWcBvzoJyZlXUPZuBF/iqq07+1NdwKj4l250bNKhLo6hXwgDFpp5JZsooXEVGVEJ\ntzFls4lsD7ybC/ePrA4cLyeYy9oPEzyS2AL7EfErqQKBgQDZ9XPQsTi2Dj8iFC/h\nsrQQi39Htn7SBEMLKgj1fL4gQ++4fLV+TWe4hH6MT2wddICYtQCU33f2qWUULOsX\naRqtAeInYsFstjjKu9LIAfBF9xjoMZuQwoGYPx/lj9dLstDw65IA850I4XO/iQ6v\nSBnskWv89Jnof+pfLG1iaKia3QKBgQDKytJko0eTASusrWq7NY1e8hh8Na2dPBuh\noBy7tcP1U5kt+KkCy1csL2DgIxkXmQgp1xAg+nwqHgA3jjOUwQV7E2wVc7//6uMf\nrpNCTIdtn8ecSxLwD7UxWXfD8w4gKXXrLD/9B+6p3F75U1xyshZu+5AHKso5VoR7\nJGLMm7DfBwKBgHf6saIzrDArb31m92SaZpyk7Y+gWfdp+S3wGbZo0JAaVZ+Mpqu8\nGFhuNust3Snps9Bb8tIAoZzaapXMlCzy4ohR/RgJOMiLFoAjHEiVKJqbBs7qX+Qz\n7frM5NYNdEprSLEWO+ziLZNx57GL1NWQLxUWiAda7k4Z+/4gCqadThLRAoGAai2r\n3zmGnje8sFrUSVUOwimsHEzWrD7ukL+Oi9Ht2iN9To6ln2rsJ5xe8rwtxSdBGPcb\n4MiF/l9a6buw0jAGOJzAuLK0UsCfTtVPESWUuxcvomvEbKEs07vuc1BtkvViYlH2\n5vsiQRm7OHwnKX6JNG7OyJHk9ASStQ8mE89o2j0CgYEApw0f6Gk6Lm9Vd+976cWe\nlBlnJWdY8a3vq4vpSYLmFFYEHfmzrKODdySMJoORAo2L22WOHEjo9dly9SEtLCEA\nDCFUTL2fwbA8ePImout/fQw4ddQqlMgDovk2gPr0TjQ6S40h7tGLhVrKnwp/TgWf\noociBecAjQxU0eMBAbt2+NU=\n-----END PRIVATE KEY-----\n",
            "public_key_fingerprint_md5": "30:c9:c9:01:10:38:3d:72:0b:6b:5c:d5:24:e4:b3:7a",
            "public_key_fingerprint_sha256": "SHA256:kCUP9i5Ebs1CGLI/hvA87k9cwismBDccg3NXJWHYkh4",
            "public_key_openssh": "ssh-rsa AAAAB3NzaC1yc2EAAAADAQABAAABAQCsqFwxFmk+RpTrTWnB7NUvqLz6+V7wf22xQAwOJGhHATagtwm4q17GLQ4CbTM6xV4hBnVSnTbrlKaqP2K95Xe7Ftc1AhuKR3p1bVXPt55l0f/csIdWn697w5MJreTFxSZEZRAJHrR+HG5zH3qq6ErpFgHgPbc9HuVsVv1uwt3kIrWttIPlhyhujEE5jpRLk55Ty/7dX0lMIxAS/joekHRhnOVE1ehid75Np5uzWVCjZIkwKdl+I0n8lU6dzBcu4P9X2xBpZgMMa66zTQ5WcdjfKAI6cholTMq+T24b4aqH4ptbaU68U2yhTgCv+kBH/zPf7zTykRulo/49wqYCcr8L\n",
            "public_key_pem": "-----BEGIN PUBLIC KEY-----\nMIIBIjANBgkqhkiG9w0BAQEFAAOCAQ8AMIIBCgKCAQEArKhcMRZpPkaU601pwezV\nL6i8+vle8H9tsUAMDiRoRwE2oLcJuKtexi0OAm0zOsVeIQZ1Up0265Smqj9iveV3\nuxbXNQIbikd6dW1Vz7eeZdH/3LCHVp+ve8OTCa3kxcUmRGUQCR60fhxucx96quhK\n6RYB4D23PR7lbFb9bsLd5CK1rbSD5YcoboxBOY6US5OeU8v+3V9JTCMQEv46HpB0\nYZzlRNXoYne+Taebs1lQo2SJMCnZfiNJ/JVOncwXLuD/V9sQaWYDDGuus00OVnHY\n3ygCOnIaJUzKvk9uG+Gqh+KbW2lOvFNsoU4Ar/pAR/8z3+808pEbpaP+PcKmAnK/\nCwIDAQAB\n-----END PUBLIC KEY-----\n",
            "rsa_bits": 2048
          },
          "sensitive_attributes": [
            [
              {
                "type": "get_attr",
                "value": "private_key_pem_pkcs8"
              }
            ],
            [
              {
                "type": "get_attr",
                "value": "private_key_pem"
              }
            ],
            [
              {
                "type": "get_attr",
                "value": "private_key_openssh"
              }
            ]
          ]
        }
      ]
    }
  ],
  "check_results": null
}
